
Microsoft Visual Studio Solution File, Format Version 12.00
# Visual Studio Version 17
VisualStudioVersion = 17.7.34024.191
MinimumVisualStudioVersion = 10.0.40219.1
Project("{FAE04EC0-301F-11D3-BF4B-00C04F79EFBC}") = "Laba5Sem2", "Laba5Sem2\Laba5Sem2.csproj", "{D67362DF-F7F8-4D7F-A895-53BE0F4D1349}"
EndProject
Project("{FAE04EC0-301F-11D3-BF4B-00C04F79EFBC}") = "Model", "Model\Model.csproj", "{8CE52756-D4E9-42FA-A457-F3AC4945C3AD}"
EndProject
Project("{FAE04EC0-301F-11D3-BF4B-00C04F79EFBC}") = "ViewModel", "ViewModel\ViewModel.csproj", "{441B3BA4-109C-48E9-9C37-10DBFA4EC9F1}"
EndProject
Global
	GlobalSection(SolutionConfigurationPlatforms) = preSolution
		Debug|Any CPU = Debug|Any CPU
		Release|Any CPU = Release|Any CPU
	EndGlobalSection
	GlobalSection(ProjectConfigurationPlatforms) = postSolution
		{D67362DF-F7F8-4D7F-A895-53BE0F4D1349}.Debug|Any CPU.ActiveCfg = Debug|Any CPU
		{D67362DF-F7F8-4D7F-A895-53BE0F4D1349}.Debug|Any CPU.Build.0 = Debug|Any CPU
		{D67362DF-F7F8-4D7F-A895-53BE0F4D1349}.Release|Any CPU.ActiveCfg = Release|Any CPU
		{D67362DF-F7F8-4D7F-A895-53BE0F4D1349}.Release|Any CPU.Build.0 = Release|Any CPU
		{8CE52756-D4E9-42FA-A457-F3AC4945C3AD}.Debug|Any CPU.ActiveCfg = Debug|Any CPU
		{8CE52756-D4E9-42FA-A457-F3AC4945C3AD}.Debug|Any CPU.Build.0 = Debug|Any CPU
		{8CE52756-D4E9-42FA-A457-F3AC4945C3AD}.Release|Any CPU.ActiveCfg = Release|Any CPU
		{8CE52756-D4E9-42FA-A457-F3AC4945C3AD}.Release|Any CPU.Build.0 = Release|Any CPU
		{441B3BA4-109C-48E9-9C37-10DBFA4EC9F1}.Debug|Any CPU.ActiveCfg = Debug|Any CPU
		{441B3BA4-109C-48E9-9C37-10DBFA4EC9F1}.Debug|Any CPU.Build.0 = Debug|Any CPU
		{441B3BA4-109C-48E9-9C37-10DBFA4EC9F1}.Release|Any CPU.ActiveCfg = Release|Any CPU
		{441B3BA4-109C-48E9-9C37-10DBFA4EC9F1}.Release|Any CPU.Build.0 = Release|Any CPU
	EndGlobalSection
	GlobalSection(SolutionProperties) = preSolution
		HideSolutionNode = FALSE
	EndGlobalSection
	GlobalSection(ExtensibilityGlobals) = postSolution
		SolutionGuid = {894E29BC-9ABD-4A43-A8C8-24E04734E61F}
	EndGlobalSection
EndGlobal
